<?xml version="1.0" encoding="utf-8"?>
<Project ToolsVersion="4.0" xmlns="http://schemas.microsoft.com/developer/msbuild/2003">
  <ItemGroup>
    <Filter Include="源文件">
      <UniqueIdentifier>{4FC737F1-C7A5-4376-A066-2A32D752A2FF}</UniqueIdentifier>
      <Extensions>cpp;c;cc;cxx;c++;cppm;ixx;def;odl;idl;hpj;bat;asm;asmx</Extensions>
    </Filter>
    <Filter Include="头文件">
      <UniqueIdentifier>{93995380-89BD-4b04-88EB-625FBE52EBFB}</UniqueIdentifier>
      <Extensions>h;hh;hpp;hxx;h++;hm;inl;inc;ipp;xsd</Extensions>
    </Filter>
    <Filter Include="资源文件">
      <UniqueIdentifier>{67DA6AB6-F800-4c08-8B7A-83BB121AAD01}</UniqueIdentifier>
      <Extensions>rc;ico;cur;bmp;dlg;rc2;rct;bin;rgs;gif;jpg;jpeg;jpe;resx;tiff;tif;png;wav;mfcribbon-ms</Extensions>
    </Filter>
    <Filter Include="头文件\config">
      <UniqueIdentifier>{4813a6be-ccd2-4198-bf73-214fc6a6da70}</UniqueIdentifier>
    </Filter>
    <Filter Include="源文件\frameworkClass">
      <UniqueIdentifier>{09bc15c0-dde5-4c6c-a91c-5807ca27ac3d}</UniqueIdentifier>
    </Filter>
    <Filter Include="头文件\frameworkClass">
      <UniqueIdentifier>{2270d3fa-ad43-4439-acf1-0373afce871c}</UniqueIdentifier>
    </Filter>
    <Filter Include="源文件\config">
      <UniqueIdentifier>{c62e6553-ccfb-436a-8e52-332f4c9f2a30}</UniqueIdentifier>
    </Filter>
    <Filter Include="头文件\Session">
      <UniqueIdentifier>{b148890f-aac4-497b-8d5d-82fce7716841}</UniqueIdentifier>
    </Filter>
    <Filter Include="头文件\util">
      <UniqueIdentifier>{cd6ea98d-6052-4fab-8689-fde7136838da}</UniqueIdentifier>
    </Filter>
    <Filter Include="源文件\util">
      <UniqueIdentifier>{1982850a-3990-427e-9063-eb150697da79}</UniqueIdentifier>
    </Filter>
    <Filter Include="源文件\benchmark">
      <UniqueIdentifier>{267cc506-71a1-47e2-96cb-32836bebf9ca}</UniqueIdentifier>
    </Filter>
    <Filter Include="头文件\benchmark">
      <UniqueIdentifier>{68204b21-58c9-4d69-89e1-0f718fd75c2a}</UniqueIdentifier>
    </Filter>
    <Filter Include="头文件\ObjectVisitor">
      <UniqueIdentifier>{16703723-8f08-4b6e-9699-bf6caa77fac2}</UniqueIdentifier>
    </Filter>
    <Filter Include="源文件\ObjectVisitor">
      <UniqueIdentifier>{30340874-c06a-4ac6-9006-5b520d54bac7}</UniqueIdentifier>
    </Filter>
    <Filter Include="头文件\Func">
      <UniqueIdentifier>{7a0e1f9d-279a-4d7c-ac9a-ad3942eca6db}</UniqueIdentifier>
    </Filter>
    <Filter Include="源文件\Func">
      <UniqueIdentifier>{fe1e073f-67ef-4d08-99ac-10582aa0f284}</UniqueIdentifier>
    </Filter>
    <Filter Include="源文件\ObjectVisitor\keyVisitor">
      <UniqueIdentifier>{a42743df-45a2-4d63-a615-0c9849b0b99d}</UniqueIdentifier>
    </Filter>
    <Filter Include="源文件\ObjectVisitor\stringVisitor">
      <UniqueIdentifier>{8c3d6200-b529-4f1e-8170-2eb6c35545a7}</UniqueIdentifier>
    </Filter>
    <Filter Include="头文件\ObjectVisitor\keyVisitor">
      <UniqueIdentifier>{86c9087d-fe12-481f-8175-b92d6650ecb0}</UniqueIdentifier>
    </Filter>
    <Filter Include="头文件\ObjectVisitor\StringVisitor">
      <UniqueIdentifier>{4a3d5d45-9882-4c69-81f6-d8c88ffcd2cd}</UniqueIdentifier>
    </Filter>
  </ItemGroup>
  <ItemGroup>
    <ClInclude Include="config.h">
      <Filter>头文件\config</Filter>
    </ClInclude>
    <ClInclude Include="stdafx.h">
      <Filter>头文件\config</Filter>
    </ClInclude>
    <ClInclude Include="stdc++.h">
      <Filter>头文件\config</Filter>
    </ClInclude>
    <ClInclude Include="BaseSession.h">
      <Filter>头文件\frameworkClass</Filter>
    </ClInclude>
    <ClInclude Include="Listener.h">
      <Filter>头文件\frameworkClass</Filter>
    </ClInclude>
    <ClInclude Include="namespace.i">
      <Filter>头文件\config</Filter>
    </ClInclude>
    <ClInclude Include="benchmark.h">
      <Filter>头文件\benchmark</Filter>
    </ClInclude>
    <ClInclude Include="util\hash_set.hpp">
      <Filter>头文件\util</Filter>
    </ClInclude>
    <ClInclude Include="util\string.hpp">
      <Filter>头文件\util</Filter>
    </ClInclude>
    <ClInclude Include="util\hash_map.hpp">
      <Filter>头文件\util</Filter>
    </ClInclude>
    <ClInclude Include="object.hpp">
      <Filter>头文件</Filter>
    </ClInclude>
    <ClInclude Include="util\key_ordered_map.hpp">
      <Filter>头文件\util</Filter>
    </ClInclude>
    <ClInclude Include="util\deque.hpp">
      <Filter>头文件\util</Filter>
    </ClInclude>
    <ClInclude Include="code.h">
      <Filter>头文件\config</Filter>
    </ClInclude>
    <ClInclude Include="Func\stringFunc.h">
      <Filter>头文件\Func</Filter>
    </ClInclude>
    <ClInclude Include="Func\func.h">
      <Filter>头文件\Func</Filter>
    </ClInclude>
    <ClInclude Include="Func\funcManager.h">
      <Filter>头文件\Func</Filter>
    </ClInclude>
    <ClInclude Include="Func\keyFunc.h">
      <Filter>头文件\Func</Filter>
    </ClInclude>
    <ClInclude Include="Func\allFunc.h">
      <Filter>头文件\Func</Filter>
    </ClInclude>
    <ClInclude Include="ObjectVisitor\keyVisitor\object_encode.hpp">
      <Filter>头文件\ObjectVisitor\keyVisitor</Filter>
    </ClInclude>
    <ClInclude Include="ObjectVisitor\keyVisitor\type.hpp">
      <Filter>头文件\ObjectVisitor\keyVisitor</Filter>
    </ClInclude>
    <ClInclude Include="ObjectVisitor\keyVisitor\typeenum.hpp">
      <Filter>头文件\ObjectVisitor\keyVisitor</Filter>
    </ClInclude>
    <ClInclude Include="ObjectVisitor\stringVisitor\get.h">
      <Filter>头文件\ObjectVisitor\StringVisitor</Filter>
    </ClInclude>
    <ClInclude Include="append.h">
      <Filter>头文件\ObjectVisitor\StringVisitor</Filter>
    </ClInclude>
  </ItemGroup>
  <ItemGroup>
    <ClCompile Include="main.cpp">
      <Filter>源文件</Filter>
    </ClCompile>
    <ClCompile Include="BaseSession.cpp">
      <Filter>源文件\frameworkClass</Filter>
    </ClCompile>
    <ClCompile Include="Listener.cpp">
      <Filter>源文件\frameworkClass</Filter>
    </ClCompile>
    <ClCompile Include="stdafx.cpp">
      <Filter>源文件\config</Filter>
    </ClCompile>
    <ClCompile Include="benchmark.cpp">
      <Filter>源文件\benchmark</Filter>
    </ClCompile>
    <ClCompile Include="object.cpp">
      <Filter>源文件</Filter>
    </ClCompile>
    <ClCompile Include="Func\stringFunc.cpp">
      <Filter>源文件\Func</Filter>
    </ClCompile>
    <ClCompile Include="Func\funcManager.cpp">
      <Filter>源文件\Func</Filter>
    </ClCompile>
    <ClCompile Include="ObjectVisitor\stringVisitor\get.cpp">
      <Filter>源文件\ObjectVisitor\stringVisitor</Filter>
    </ClCompile>
    <ClCompile Include="append.cpp">
      <Filter>源文件\ObjectVisitor\stringVisitor</Filter>
    </ClCompile>
  </ItemGroup>
</Project>